
Microsoft Visual Studio Solution File, Format Version 12.00
# Visual Studio 15
VisualStudioVersion = 15.0.27130.2026
MinimumVisualStudioVersion = 10.0.40219.1
Project("{2150E333-8FDC-42A3-9474-1A3956D46DE8}") = "00_检测系统", "00_检测系统", "{4696DC07-EBE8-447B-888B-AE8FE7673A83}"
EndProject
Project("{2150E333-8FDC-42A3-9474-1A3956D46DE8}") = "01_大恒接口卡", "01_大恒接口卡", "{1B3B098E-1449-4749-BFBC-402DF9990A6B}"
EndProject
Project("{2150E333-8FDC-42A3-9474-1A3956D46DE8}") = "02_大恒相机", "02_大恒相机", "{4453C4D5-CC27-4118-BE78-AE60282A2C06}"
EndProject
Project("{2150E333-8FDC-42A3-9474-1A3956D46DE8}") = "03_通用组件", "03_通用组件", "{800F1E86-39F2-4CC2-B53E-44BA482E4207}"
EndProject
Project("{2150E333-8FDC-42A3-9474-1A3956D46DE8}") = "04_其他组件", "04_其他组件", "{83917F47-DA84-4358-B477-043A9A24F372}"
EndProject
Project("{8BC9CEB8-8B4A-11D0-8D11-00A0C91BC942}") = "CreateCustomModel", "CreateCustomModel\CreateCustomModel\CreateCustomModel.vcxproj", "{B791660B-81B3-4527-BA11-AFD094EE9CD6}"
EndProject
Project("{8BC9CEB8-8B4A-11D0-8D11-00A0C91BC942}") = "SignalControl", "SignalControl\SignalControl\SignalControl.vcxproj", "{B95C11F3-7D2A-41B6-95BC-CDEDB937F5E5}"
EndProject
Project("{2150E333-8FDC-42A3-9474-1A3956D46DE8}") = "05_备份试验区", "05_备份试验区", "{42FCDC73-4E15-47AB-A904-C4662EEA4EFC}"
EndProject
Project("{8BC9CEB8-8B4A-11D0-8D11-00A0C91BC942}") = "大恒图像通用检测系统", "00000_大恒图像通用检测系统\CheckSystem\CheckSystem.vcxproj", "{CF1A0980-2502-4B44-9D80-47520929AABA}"
EndProject
Project("{8BC9CEB8-8B4A-11D0-8D11-00A0C91BC942}") = "积水医疗采血管检测系统", "00001_积水医疗采血管检测系统\TubeCheck\TubeCheck.vcxproj", "{19253E79-C740-4994-A50F-41DEAB0BC2EF}"
EndProject
Project("{8BC9CEB8-8B4A-11D0-8D11-00A0C91BC942}") = "大恒图像接口卡管理工具", "01000_大恒图像接口卡管理工具\DHIOCardForSGDemo\DHIOCardForSGDemo.vcxproj", "{44448F4D-397E-4C37-83CA-7EBB185FDC94}"
EndProject
Project("{8BC9CEB8-8B4A-11D0-8D11-00A0C91BC942}") = "DHIOCardForSG", "01001_DHIOCardForSG\DHIOCardForSG\DHIOCardForSG.vcxproj", "{D16B5F10-BC5B-49FF-9942-BEA9CA939354}"
EndProject
Project("{8BC9CEB8-8B4A-11D0-8D11-00A0C91BC942}") = "DHIOCardForPIO24C", "01002_DHIOCardForPIO24C\DHIOCardForPIO24C\DHIOCardForPIO24C.vcxproj", "{D2272C80-DE4E-4F48-B89F-E12BCF23C6C6}"
EndProject
Project("{8BC9CEB8-8B4A-11D0-8D11-00A0C91BC942}") = "DHIOCardForPCI6356", "01003_DHIOCardForPCI6356\DHIOCardForPCI6356\DHIOCardForPCI6356.vcxproj", "{B1CB9082-A3A1-4F06-AB72-B48D2DEC9C80}"
EndProject
Project("{8BC9CEB8-8B4A-11D0-8D11-00A0C91BC942}") = "DHIOCardForRS232_XZXNYN", "01004_DHIOCardForRS232_XZXNYN\DHIOCardForRS232\DHIOCardForRS232.vcxproj", "{84888077-13A4-4D39-B032-48DC5903705F}"
EndProject
Project("{8BC9CEB8-8B4A-11D0-8D11-00A0C91BC942}") = "DHGrabForSG", "02000_DHGrabForSG\DHGrabForSG\DHGrabForSG.vcxproj", "{04B3AB30-497D-4ED0-9312-D8C1A37F88A8}"
EndProject
Project("{8BC9CEB8-8B4A-11D0-8D11-00A0C91BC942}") = "DHGrabForMER", "02008_DHGrabForMER\DHGrabForMER\DHGrabForMER.vcxproj", "{895D3DB9-EF6C-4D89-AEF0-338AB000B415}"
EndProject
Project("{8BC9CEB8-8B4A-11D0-8D11-00A0C91BC942}") = "DHGrabForAVT", "02002_DHGrabForAVT\DHGrabForAVT\DHGrabForAVT.vcxproj", "{BD9C3F86-1B30-44CD-911D-1B5915940ED2}"
EndProject
Project("{8BC9CEB8-8B4A-11D0-8D11-00A0C91BC942}") = "DHGrabForJAI", "02007_DHGrabForJAI\DHGrabForJAI\DHGrabForJAI.vcxproj", "{891F38A6-2086-489A-89FA-BBBEA1E66C05}"
EndProject
Project("{8BC9CEB8-8B4A-11D0-8D11-00A0C91BC942}") = "DHGrabForBaumer", "02010_DHGrabForBaumer\DHGrabForBaumer\DHGrabForBaumer.vcxproj", "{99D693FD-BCFB-46D3-8711-0AAF3D9A79A7}"
EndProject
Project("{8BC9CEB8-8B4A-11D0-8D11-00A0C91BC942}") = "山东瑞阳扎盖一期", "00002_瑞阳扎盖一期\BottleCap\BottleCap.vcxproj", "{D08A6918-BA1A-4695-9B82-BAE293C20F56}"
EndProject
Project("{8BC9CEB8-8B4A-11D0-8D11-00A0C91BC942}") = "DaHengListBox", "03001_DaHengListBox\DaHengListBox\DaHengListBox.vcxproj", "{36F8DF60-A9C8-4C88-A7A3-C98287A82E86}"
EndProject
Project("{8BC9CEB8-8B4A-11D0-8D11-00A0C91BC942}") = "Demo", "03002_大恒离线分析工具\Demo\DemoProject.vcxproj", "{D6F60E1B-5837-726E-E188-AA5BDE0F59DE}"
EndProject
Project("{8BC9CEB8-8B4A-11D0-8D11-00A0C91BC942}") = "TestLoadLibrary", "04000_TestLoadLibrary\TestLoadLibrary\TestLoadLibrary.vcxproj", "{B3988F58-42AC-4F6C-BAE6-55FF3F7BA999}"
EndProject
Project("{8BC9CEB8-8B4A-11D0-8D11-00A0C91BC942}") = "ThreeTierRightsDemo", "04002_ThreeTierRightsDemo\ThreeTierRightsDemo\ThreeTierRightsDemo.vcxproj", "{3241463B-C279-4E6B-9735-DB0437911812}"
EndProject
Project("{2150E333-8FDC-42A3-9474-1A3956D46DE8}") = "05_测试区", "05_测试区", "{E4569D8E-A4FE-427B-B8E9-2D6ED0A5AB15}"
EndProject
Project("{8BC9CEB8-8B4A-11D0-8D11-00A0C91BC942}") = "ThreeTierRights", "04001_ThreeTierRights\ThreeTierRights\ThreeTierRights.vcxproj", "{9212D7B3-050E-4DB5-8AEB-B1F850B5FD94}"
EndProject
Project("{2150E333-8FDC-42A3-9474-1A3956D46DE8}") = "项目自定义功能插件", "项目自定义功能插件", "{9124C501-7C46-4ADE-BB22-86BD90365729}"
EndProject
Project("{8BC9CEB8-8B4A-11D0-8D11-00A0C91BC942}") = "ObjectAllocation", "03000_ObjectAllocation\ObjectAllocation\ObjectAllocation.vcxproj", "{2FF92283-D963-403D-B54E-6A0A1B871AFB}"
EndProject
Global
	GlobalSection(SolutionConfigurationPlatforms) = preSolution
		Debug|x64 = Debug|x64
		Debug|x86 = Debug|x86
		Release|x64 = Release|x64
		Release|x86 = Release|x86
		Unicode Debug|x64 = Unicode Debug|x64
		Unicode Debug|x86 = Unicode Debug|x86
	EndGlobalSection
	GlobalSection(ProjectConfigurationPlatforms) = postSolution
		{B791660B-81B3-4527-BA11-AFD094EE9CD6}.Debug|x64.ActiveCfg = Debug|Win32
		{B791660B-81B3-4527-BA11-AFD094EE9CD6}.Debug|x86.ActiveCfg = Debug|Win32
		{B791660B-81B3-4527-BA11-AFD094EE9CD6}.Debug|x86.Build.0 = Debug|Win32
		{B791660B-81B3-4527-BA11-AFD094EE9CD6}.Release|x64.ActiveCfg = Release|Win32
		{B791660B-81B3-4527-BA11-AFD094EE9CD6}.Release|x86.ActiveCfg = Release|Win32
		{B791660B-81B3-4527-BA11-AFD094EE9CD6}.Unicode Debug|x64.ActiveCfg = Release|Win32
		{B791660B-81B3-4527-BA11-AFD094EE9CD6}.Unicode Debug|x64.Build.0 = Release|Win32
		{B791660B-81B3-4527-BA11-AFD094EE9CD6}.Unicode Debug|x86.ActiveCfg = Debug|Win32
		{B791660B-81B3-4527-BA11-AFD094EE9CD6}.Unicode Debug|x86.Build.0 = Debug|Win32
		{B95C11F3-7D2A-41B6-95BC-CDEDB937F5E5}.Debug|x64.ActiveCfg = Debug|Win32
		{B95C11F3-7D2A-41B6-95BC-CDEDB937F5E5}.Debug|x86.ActiveCfg = Debug|Win32
		{B95C11F3-7D2A-41B6-95BC-CDEDB937F5E5}.Debug|x86.Build.0 = Debug|Win32
		{B95C11F3-7D2A-41B6-95BC-CDEDB937F5E5}.Release|x64.ActiveCfg = Release|Win32
		{B95C11F3-7D2A-41B6-95BC-CDEDB937F5E5}.Release|x86.ActiveCfg = Release|Win32
		{B95C11F3-7D2A-41B6-95BC-CDEDB937F5E5}.Release|x86.Build.0 = Release|Win32
		{B95C11F3-7D2A-41B6-95BC-CDEDB937F5E5}.Unicode Debug|x64.ActiveCfg = Release|Win32
		{B95C11F3-7D2A-41B6-95BC-CDEDB937F5E5}.Unicode Debug|x64.Build.0 = Release|Win32
		{B95C11F3-7D2A-41B6-95BC-CDEDB937F5E5}.Unicode Debug|x86.ActiveCfg = Debug|Win32
		{B95C11F3-7D2A-41B6-95BC-CDEDB937F5E5}.Unicode Debug|x86.Build.0 = Debug|Win32
		{CF1A0980-2502-4B44-9D80-47520929AABA}.Debug|x64.ActiveCfg = Debug|x64
		{CF1A0980-2502-4B44-9D80-47520929AABA}.Debug|x64.Build.0 = Debug|x64
		{CF1A0980-2502-4B44-9D80-47520929AABA}.Debug|x86.ActiveCfg = Debug|Win32
		{CF1A0980-2502-4B44-9D80-47520929AABA}.Debug|x86.Build.0 = Debug|Win32
		{CF1A0980-2502-4B44-9D80-47520929AABA}.Release|x64.ActiveCfg = Release|x64
		{CF1A0980-2502-4B44-9D80-47520929AABA}.Release|x64.Build.0 = Release|x64
		{CF1A0980-2502-4B44-9D80-47520929AABA}.Release|x86.ActiveCfg = Release|Win32
		{CF1A0980-2502-4B44-9D80-47520929AABA}.Release|x86.Build.0 = Release|Win32
		{CF1A0980-2502-4B44-9D80-47520929AABA}.Unicode Debug|x64.ActiveCfg = Debug|x64
		{CF1A0980-2502-4B44-9D80-47520929AABA}.Unicode Debug|x64.Build.0 = Debug|x64
		{CF1A0980-2502-4B44-9D80-47520929AABA}.Unicode Debug|x86.ActiveCfg = Debug|Win32
		{CF1A0980-2502-4B44-9D80-47520929AABA}.Unicode Debug|x86.Build.0 = Debug|Win32
		{19253E79-C740-4994-A50F-41DEAB0BC2EF}.Debug|x64.ActiveCfg = Debug|Win32
		{19253E79-C740-4994-A50F-41DEAB0BC2EF}.Debug|x86.ActiveCfg = Debug|Win32
		{19253E79-C740-4994-A50F-41DEAB0BC2EF}.Debug|x86.Build.0 = Debug|Win32
		{19253E79-C740-4994-A50F-41DEAB0BC2EF}.Release|x64.ActiveCfg = Release|Win32
		{19253E79-C740-4994-A50F-41DEAB0BC2EF}.Release|x86.ActiveCfg = Release|Win32
		{19253E79-C740-4994-A50F-41DEAB0BC2EF}.Release|x86.Build.0 = Release|Win32
		{19253E79-C740-4994-A50F-41DEAB0BC2EF}.Unicode Debug|x64.ActiveCfg = Release|Win32
		{19253E79-C740-4994-A50F-41DEAB0BC2EF}.Unicode Debug|x64.Build.0 = Release|Win32
		{19253E79-C740-4994-A50F-41DEAB0BC2EF}.Unicode Debug|x86.ActiveCfg = Debug|Win32
		{19253E79-C740-4994-A50F-41DEAB0BC2EF}.Unicode Debug|x86.Build.0 = Debug|Win32
		{44448F4D-397E-4C37-83CA-7EBB185FDC94}.Debug|x64.ActiveCfg = Debug|x64
		{44448F4D-397E-4C37-83CA-7EBB185FDC94}.Debug|x64.Build.0 = Debug|x64
		{44448F4D-397E-4C37-83CA-7EBB185FDC94}.Debug|x86.ActiveCfg = Debug|Win32
		{44448F4D-397E-4C37-83CA-7EBB185FDC94}.Debug|x86.Build.0 = Debug|Win32
		{44448F4D-397E-4C37-83CA-7EBB185FDC94}.Release|x64.ActiveCfg = Release|x64
		{44448F4D-397E-4C37-83CA-7EBB185FDC94}.Release|x64.Build.0 = Release|x64
		{44448F4D-397E-4C37-83CA-7EBB185FDC94}.Release|x86.ActiveCfg = Release|Win32
		{44448F4D-397E-4C37-83CA-7EBB185FDC94}.Release|x86.Build.0 = Release|Win32
		{44448F4D-397E-4C37-83CA-7EBB185FDC94}.Unicode Debug|x64.ActiveCfg = Debug|x64
		{44448F4D-397E-4C37-83CA-7EBB185FDC94}.Unicode Debug|x64.Build.0 = Debug|x64
		{44448F4D-397E-4C37-83CA-7EBB185FDC94}.Unicode Debug|x86.ActiveCfg = Debug|Win32
		{44448F4D-397E-4C37-83CA-7EBB185FDC94}.Unicode Debug|x86.Build.0 = Debug|Win32
		{D16B5F10-BC5B-49FF-9942-BEA9CA939354}.Debug|x64.ActiveCfg = Debug|x64
		{D16B5F10-BC5B-49FF-9942-BEA9CA939354}.Debug|x64.Build.0 = Debug|x64
		{D16B5F10-BC5B-49FF-9942-BEA9CA939354}.Debug|x86.ActiveCfg = Debug|Win32
		{D16B5F10-BC5B-49FF-9942-BEA9CA939354}.Debug|x86.Build.0 = Debug|Win32
		{D16B5F10-BC5B-49FF-9942-BEA9CA939354}.Release|x64.ActiveCfg = Release|x64
		{D16B5F10-BC5B-49FF-9942-BEA9CA939354}.Release|x64.Build.0 = Release|x64
		{D16B5F10-BC5B-49FF-9942-BEA9CA939354}.Release|x86.ActiveCfg = Release|Win32
		{D16B5F10-BC5B-49FF-9942-BEA9CA939354}.Release|x86.Build.0 = Release|Win32
		{D16B5F10-BC5B-49FF-9942-BEA9CA939354}.Unicode Debug|x64.ActiveCfg = Debug|x64
		{D16B5F10-BC5B-49FF-9942-BEA9CA939354}.Unicode Debug|x64.Build.0 = Debug|x64
		{D16B5F10-BC5B-49FF-9942-BEA9CA939354}.Unicode Debug|x86.ActiveCfg = Debug|Win32
		{D16B5F10-BC5B-49FF-9942-BEA9CA939354}.Unicode Debug|x86.Build.0 = Debug|Win32
		{D2272C80-DE4E-4F48-B89F-E12BCF23C6C6}.Debug|x64.ActiveCfg = Debug|x64
		{D2272C80-DE4E-4F48-B89F-E12BCF23C6C6}.Debug|x64.Build.0 = Debug|x64
		{D2272C80-DE4E-4F48-B89F-E12BCF23C6C6}.Debug|x86.ActiveCfg = Debug|Win32
		{D2272C80-DE4E-4F48-B89F-E12BCF23C6C6}.Debug|x86.Build.0 = Debug|Win32
		{D2272C80-DE4E-4F48-B89F-E12BCF23C6C6}.Release|x64.ActiveCfg = Release|x64
		{D2272C80-DE4E-4F48-B89F-E12BCF23C6C6}.Release|x64.Build.0 = Release|x64
		{D2272C80-DE4E-4F48-B89F-E12BCF23C6C6}.Release|x86.ActiveCfg = Release|Win32
		{D2272C80-DE4E-4F48-B89F-E12BCF23C6C6}.Release|x86.Build.0 = Release|Win32
		{D2272C80-DE4E-4F48-B89F-E12BCF23C6C6}.Unicode Debug|x64.ActiveCfg = Debug|x64
		{D2272C80-DE4E-4F48-B89F-E12BCF23C6C6}.Unicode Debug|x64.Build.0 = Debug|x64
		{D2272C80-DE4E-4F48-B89F-E12BCF23C6C6}.Unicode Debug|x86.ActiveCfg = Debug|Win32
		{D2272C80-DE4E-4F48-B89F-E12BCF23C6C6}.Unicode Debug|x86.Build.0 = Debug|Win32
		{B1CB9082-A3A1-4F06-AB72-B48D2DEC9C80}.Debug|x64.ActiveCfg = Debug|x64
		{B1CB9082-A3A1-4F06-AB72-B48D2DEC9C80}.Debug|x64.Build.0 = Debug|x64
		{B1CB9082-A3A1-4F06-AB72-B48D2DEC9C80}.Debug|x86.ActiveCfg = Debug|Win32
		{B1CB9082-A3A1-4F06-AB72-B48D2DEC9C80}.Debug|x86.Build.0 = Debug|Win32
		{B1CB9082-A3A1-4F06-AB72-B48D2DEC9C80}.Release|x64.ActiveCfg = Release|x64
		{B1CB9082-A3A1-4F06-AB72-B48D2DEC9C80}.Release|x64.Build.0 = Release|x64
		{B1CB9082-A3A1-4F06-AB72-B48D2DEC9C80}.Release|x86.ActiveCfg = Release|Win32
		{B1CB9082-A3A1-4F06-AB72-B48D2DEC9C80}.Release|x86.Build.0 = Release|Win32
		{B1CB9082-A3A1-4F06-AB72-B48D2DEC9C80}.Unicode Debug|x64.ActiveCfg = Debug|x64
		{B1CB9082-A3A1-4F06-AB72-B48D2DEC9C80}.Unicode Debug|x64.Build.0 = Debug|x64
		{B1CB9082-A3A1-4F06-AB72-B48D2DEC9C80}.Unicode Debug|x86.ActiveCfg = Debug|Win32
		{B1CB9082-A3A1-4F06-AB72-B48D2DEC9C80}.Unicode Debug|x86.Build.0 = Debug|Win32
		{84888077-13A4-4D39-B032-48DC5903705F}.Debug|x64.ActiveCfg = Debug|x64
		{84888077-13A4-4D39-B032-48DC5903705F}.Debug|x64.Build.0 = Debug|x64
		{84888077-13A4-4D39-B032-48DC5903705F}.Debug|x86.ActiveCfg = Debug|Win32
		{84888077-13A4-4D39-B032-48DC5903705F}.Debug|x86.Build.0 = Debug|Win32
		{84888077-13A4-4D39-B032-48DC5903705F}.Release|x64.ActiveCfg = Release|x64
		{84888077-13A4-4D39-B032-48DC5903705F}.Release|x64.Build.0 = Release|x64
		{84888077-13A4-4D39-B032-48DC5903705F}.Release|x86.ActiveCfg = Release|Win32
		{84888077-13A4-4D39-B032-48DC5903705F}.Release|x86.Build.0 = Release|Win32
		{84888077-13A4-4D39-B032-48DC5903705F}.Unicode Debug|x64.ActiveCfg = Debug|x64
		{84888077-13A4-4D39-B032-48DC5903705F}.Unicode Debug|x64.Build.0 = Debug|x64
		{84888077-13A4-4D39-B032-48DC5903705F}.Unicode Debug|x86.ActiveCfg = Debug|Win32
		{84888077-13A4-4D39-B032-48DC5903705F}.Unicode Debug|x86.Build.0 = Debug|Win32
		{04B3AB30-497D-4ED0-9312-D8C1A37F88A8}.Debug|x64.ActiveCfg = Debug|Win32
		{04B3AB30-497D-4ED0-9312-D8C1A37F88A8}.Debug|x86.ActiveCfg = Debug|Win32
		{04B3AB30-497D-4ED0-9312-D8C1A37F88A8}.Debug|x86.Build.0 = Debug|Win32
		{04B3AB30-497D-4ED0-9312-D8C1A37F88A8}.Release|x64.ActiveCfg = Release|Win32
		{04B3AB30-497D-4ED0-9312-D8C1A37F88A8}.Release|x86.ActiveCfg = Release|Win32
		{04B3AB30-497D-4ED0-9312-D8C1A37F88A8}.Release|x86.Build.0 = Release|Win32
		{04B3AB30-497D-4ED0-9312-D8C1A37F88A8}.Unicode Debug|x64.ActiveCfg = Release|Win32
		{04B3AB30-497D-4ED0-9312-D8C1A37F88A8}.Unicode Debug|x64.Build.0 = Release|Win32
		{04B3AB30-497D-4ED0-9312-D8C1A37F88A8}.Unicode Debug|x86.ActiveCfg = Debug|Win32
		{04B3AB30-497D-4ED0-9312-D8C1A37F88A8}.Unicode Debug|x86.Build.0 = Debug|Win32
		{895D3DB9-EF6C-4D89-AEF0-338AB000B415}.Debug|x64.ActiveCfg = Debug|x64
		{895D3DB9-EF6C-4D89-AEF0-338AB000B415}.Debug|x64.Build.0 = Debug|x64
		{895D3DB9-EF6C-4D89-AEF0-338AB000B415}.Debug|x86.ActiveCfg = Debug|Win32
		{895D3DB9-EF6C-4D89-AEF0-338AB000B415}.Debug|x86.Build.0 = Debug|Win32
		{895D3DB9-EF6C-4D89-AEF0-338AB000B415}.Release|x64.ActiveCfg = Release|x64
		{895D3DB9-EF6C-4D89-AEF0-338AB000B415}.Release|x64.Build.0 = Release|x64
		{895D3DB9-EF6C-4D89-AEF0-338AB000B415}.Release|x86.ActiveCfg = Release|Win32
		{895D3DB9-EF6C-4D89-AEF0-338AB000B415}.Release|x86.Build.0 = Release|Win32
		{895D3DB9-EF6C-4D89-AEF0-338AB000B415}.Unicode Debug|x64.ActiveCfg = Debug|x64
		{895D3DB9-EF6C-4D89-AEF0-338AB000B415}.Unicode Debug|x64.Build.0 = Debug|x64
		{895D3DB9-EF6C-4D89-AEF0-338AB000B415}.Unicode Debug|x86.ActiveCfg = Debug|Win32
		{895D3DB9-EF6C-4D89-AEF0-338AB000B415}.Unicode Debug|x86.Build.0 = Debug|Win32
		{BD9C3F86-1B30-44CD-911D-1B5915940ED2}.Debug|x64.ActiveCfg = Debug|Win32
		{BD9C3F86-1B30-44CD-911D-1B5915940ED2}.Debug|x86.ActiveCfg = Debug|Win32
		{BD9C3F86-1B30-44CD-911D-1B5915940ED2}.Debug|x86.Build.0 = Debug|Win32
		{BD9C3F86-1B30-44CD-911D-1B5915940ED2}.Release|x64.ActiveCfg = Release|Win32
		{BD9C3F86-1B30-44CD-911D-1B5915940ED2}.Release|x86.ActiveCfg = Release|Win32
		{BD9C3F86-1B30-44CD-911D-1B5915940ED2}.Release|x86.Build.0 = Release|Win32
		{BD9C3F86-1B30-44CD-911D-1B5915940ED2}.Unicode Debug|x64.ActiveCfg = Release|Win32
		{BD9C3F86-1B30-44CD-911D-1B5915940ED2}.Unicode Debug|x64.Build.0 = Release|Win32
		{BD9C3F86-1B30-44CD-911D-1B5915940ED2}.Unicode Debug|x86.ActiveCfg = Debug|Win32
		{BD9C3F86-1B30-44CD-911D-1B5915940ED2}.Unicode Debug|x86.Build.0 = Debug|Win32
		{891F38A6-2086-489A-89FA-BBBEA1E66C05}.Debug|x64.ActiveCfg = Debug|Win32
		{891F38A6-2086-489A-89FA-BBBEA1E66C05}.Debug|x86.ActiveCfg = Debug|Win32
		{891F38A6-2086-489A-89FA-BBBEA1E66C05}.Debug|x86.Build.0 = Debug|Win32
		{891F38A6-2086-489A-89FA-BBBEA1E66C05}.Release|x64.ActiveCfg = Release|Win32
		{891F38A6-2086-489A-89FA-BBBEA1E66C05}.Release|x86.ActiveCfg = Release|Win32
		{891F38A6-2086-489A-89FA-BBBEA1E66C05}.Release|x86.Build.0 = Release|Win32
		{891F38A6-2086-489A-89FA-BBBEA1E66C05}.Unicode Debug|x64.ActiveCfg = Release|Win32
		{891F38A6-2086-489A-89FA-BBBEA1E66C05}.Unicode Debug|x64.Build.0 = Release|Win32
		{891F38A6-2086-489A-89FA-BBBEA1E66C05}.Unicode Debug|x86.ActiveCfg = Debug|Win32
		{891F38A6-2086-489A-89FA-BBBEA1E66C05}.Unicode Debug|x86.Build.0 = Debug|Win32
		{99D693FD-BCFB-46D3-8711-0AAF3D9A79A7}.Debug|x64.ActiveCfg = Debug|Win32
		{99D693FD-BCFB-46D3-8711-0AAF3D9A79A7}.Debug|x86.ActiveCfg = Debug|Win32
		{99D693FD-BCFB-46D3-8711-0AAF3D9A79A7}.Debug|x86.Build.0 = Debug|Win32
		{99D693FD-BCFB-46D3-8711-0AAF3D9A79A7}.Release|x64.ActiveCfg = Release|Win32
		{99D693FD-BCFB-46D3-8711-0AAF3D9A79A7}.Release|x86.ActiveCfg = Release|Win32
		{99D693FD-BCFB-46D3-8711-0AAF3D9A79A7}.Release|x86.Build.0 = Release|Win32
		{99D693FD-BCFB-46D3-8711-0AAF3D9A79A7}.Unicode Debug|x64.ActiveCfg = Release|Win32
		{99D693FD-BCFB-46D3-8711-0AAF3D9A79A7}.Unicode Debug|x64.Build.0 = Release|Win32
		{99D693FD-BCFB-46D3-8711-0AAF3D9A79A7}.Unicode Debug|x86.ActiveCfg = Debug|Win32
		{99D693FD-BCFB-46D3-8711-0AAF3D9A79A7}.Unicode Debug|x86.Build.0 = Debug|Win32
		{D08A6918-BA1A-4695-9B82-BAE293C20F56}.Debug|x64.ActiveCfg = Debug|Win32
		{D08A6918-BA1A-4695-9B82-BAE293C20F56}.Debug|x86.ActiveCfg = Debug|Win32
		{D08A6918-BA1A-4695-9B82-BAE293C20F56}.Debug|x86.Build.0 = Debug|Win32
		{D08A6918-BA1A-4695-9B82-BAE293C20F56}.Release|x64.ActiveCfg = Release|Win32
		{D08A6918-BA1A-4695-9B82-BAE293C20F56}.Release|x86.ActiveCfg = Release|Win32
		{D08A6918-BA1A-4695-9B82-BAE293C20F56}.Release|x86.Build.0 = Release|Win32
		{D08A6918-BA1A-4695-9B82-BAE293C20F56}.Unicode Debug|x64.ActiveCfg = Release|Win32
		{D08A6918-BA1A-4695-9B82-BAE293C20F56}.Unicode Debug|x64.Build.0 = Release|Win32
		{D08A6918-BA1A-4695-9B82-BAE293C20F56}.Unicode Debug|x86.ActiveCfg = Debug|Win32
		{D08A6918-BA1A-4695-9B82-BAE293C20F56}.Unicode Debug|x86.Build.0 = Debug|Win32
		{36F8DF60-A9C8-4C88-A7A3-C98287A82E86}.Debug|x64.ActiveCfg = Debug|x64
		{36F8DF60-A9C8-4C88-A7A3-C98287A82E86}.Debug|x64.Build.0 = Debug|x64
		{36F8DF60-A9C8-4C88-A7A3-C98287A82E86}.Debug|x86.ActiveCfg = Debug|Win32
		{36F8DF60-A9C8-4C88-A7A3-C98287A82E86}.Debug|x86.Build.0 = Debug|Win32
		{36F8DF60-A9C8-4C88-A7A3-C98287A82E86}.Release|x64.ActiveCfg = Release|x64
		{36F8DF60-A9C8-4C88-A7A3-C98287A82E86}.Release|x64.Build.0 = Release|x64
		{36F8DF60-A9C8-4C88-A7A3-C98287A82E86}.Release|x86.ActiveCfg = Release|Win32
		{36F8DF60-A9C8-4C88-A7A3-C98287A82E86}.Release|x86.Build.0 = Release|Win32
		{36F8DF60-A9C8-4C88-A7A3-C98287A82E86}.Unicode Debug|x64.ActiveCfg = Debug|x64
		{36F8DF60-A9C8-4C88-A7A3-C98287A82E86}.Unicode Debug|x64.Build.0 = Debug|x64
		{36F8DF60-A9C8-4C88-A7A3-C98287A82E86}.Unicode Debug|x86.ActiveCfg = Debug|Win32
		{36F8DF60-A9C8-4C88-A7A3-C98287A82E86}.Unicode Debug|x86.Build.0 = Debug|Win32
		{D6F60E1B-5837-726E-E188-AA5BDE0F59DE}.Debug|x64.ActiveCfg = Debug|x64
		{D6F60E1B-5837-726E-E188-AA5BDE0F59DE}.Debug|x64.Build.0 = Debug|x64
		{D6F60E1B-5837-726E-E188-AA5BDE0F59DE}.Debug|x86.ActiveCfg = Debug|Win32
		{D6F60E1B-5837-726E-E188-AA5BDE0F59DE}.Debug|x86.Build.0 = Debug|Win32
		{D6F60E1B-5837-726E-E188-AA5BDE0F59DE}.Release|x64.ActiveCfg = Release|x64
		{D6F60E1B-5837-726E-E188-AA5BDE0F59DE}.Release|x64.Build.0 = Release|x64
		{D6F60E1B-5837-726E-E188-AA5BDE0F59DE}.Release|x86.ActiveCfg = Release|Win32
		{D6F60E1B-5837-726E-E188-AA5BDE0F59DE}.Release|x86.Build.0 = Release|Win32
		{D6F60E1B-5837-726E-E188-AA5BDE0F59DE}.Unicode Debug|x64.ActiveCfg = Debug|x64
		{D6F60E1B-5837-726E-E188-AA5BDE0F59DE}.Unicode Debug|x64.Build.0 = Debug|x64
		{D6F60E1B-5837-726E-E188-AA5BDE0F59DE}.Unicode Debug|x86.ActiveCfg = Debug|Win32
		{D6F60E1B-5837-726E-E188-AA5BDE0F59DE}.Unicode Debug|x86.Build.0 = Debug|Win32
		{B3988F58-42AC-4F6C-BAE6-55FF3F7BA999}.Debug|x64.ActiveCfg = Debug|x64
		{B3988F58-42AC-4F6C-BAE6-55FF3F7BA999}.Debug|x64.Build.0 = Debug|x64
		{B3988F58-42AC-4F6C-BAE6-55FF3F7BA999}.Debug|x86.ActiveCfg = Debug|Win32
		{B3988F58-42AC-4F6C-BAE6-55FF3F7BA999}.Debug|x86.Build.0 = Debug|Win32
		{B3988F58-42AC-4F6C-BAE6-55FF3F7BA999}.Release|x64.ActiveCfg = Release|x64
		{B3988F58-42AC-4F6C-BAE6-55FF3F7BA999}.Release|x64.Build.0 = Release|x64
		{B3988F58-42AC-4F6C-BAE6-55FF3F7BA999}.Release|x86.ActiveCfg = Release|Win32
		{B3988F58-42AC-4F6C-BAE6-55FF3F7BA999}.Release|x86.Build.0 = Release|Win32
		{B3988F58-42AC-4F6C-BAE6-55FF3F7BA999}.Unicode Debug|x64.ActiveCfg = Debug|x64
		{B3988F58-42AC-4F6C-BAE6-55FF3F7BA999}.Unicode Debug|x64.Build.0 = Debug|x64
		{B3988F58-42AC-4F6C-BAE6-55FF3F7BA999}.Unicode Debug|x86.ActiveCfg = Debug|Win32
		{B3988F58-42AC-4F6C-BAE6-55FF3F7BA999}.Unicode Debug|x86.Build.0 = Debug|Win32
		{3241463B-C279-4E6B-9735-DB0437911812}.Debug|x64.ActiveCfg = Debug|x64
		{3241463B-C279-4E6B-9735-DB0437911812}.Debug|x64.Build.0 = Debug|x64
		{3241463B-C279-4E6B-9735-DB0437911812}.Debug|x86.ActiveCfg = Debug|Win32
		{3241463B-C279-4E6B-9735-DB0437911812}.Debug|x86.Build.0 = Debug|Win32
		{3241463B-C279-4E6B-9735-DB0437911812}.Release|x64.ActiveCfg = Release|x64
		{3241463B-C279-4E6B-9735-DB0437911812}.Release|x64.Build.0 = Release|x64
		{3241463B-C279-4E6B-9735-DB0437911812}.Release|x86.ActiveCfg = Release|Win32
		{3241463B-C279-4E6B-9735-DB0437911812}.Release|x86.Build.0 = Release|Win32
		{3241463B-C279-4E6B-9735-DB0437911812}.Unicode Debug|x64.ActiveCfg = Debug|x64
		{3241463B-C279-4E6B-9735-DB0437911812}.Unicode Debug|x64.Build.0 = Debug|x64
		{3241463B-C279-4E6B-9735-DB0437911812}.Unicode Debug|x86.ActiveCfg = Debug|Win32
		{3241463B-C279-4E6B-9735-DB0437911812}.Unicode Debug|x86.Build.0 = Debug|Win32
		{9212D7B3-050E-4DB5-8AEB-B1F850B5FD94}.Debug|x64.ActiveCfg = Debug|x64
		{9212D7B3-050E-4DB5-8AEB-B1F850B5FD94}.Debug|x64.Build.0 = Debug|x64
		{9212D7B3-050E-4DB5-8AEB-B1F850B5FD94}.Debug|x64.Deploy.0 = Debug|x64
		{9212D7B3-050E-4DB5-8AEB-B1F850B5FD94}.Debug|x86.ActiveCfg = Debug|Win32
		{9212D7B3-050E-4DB5-8AEB-B1F850B5FD94}.Debug|x86.Build.0 = Debug|Win32
		{9212D7B3-050E-4DB5-8AEB-B1F850B5FD94}.Debug|x86.Deploy.0 = Debug|Win32
		{9212D7B3-050E-4DB5-8AEB-B1F850B5FD94}.Release|x64.ActiveCfg = Release|x64
		{9212D7B3-050E-4DB5-8AEB-B1F850B5FD94}.Release|x64.Build.0 = Release|x64
		{9212D7B3-050E-4DB5-8AEB-B1F850B5FD94}.Release|x64.Deploy.0 = Release|x64
		{9212D7B3-050E-4DB5-8AEB-B1F850B5FD94}.Release|x86.ActiveCfg = Release|Win32
		{9212D7B3-050E-4DB5-8AEB-B1F850B5FD94}.Release|x86.Build.0 = Release|Win32
		{9212D7B3-050E-4DB5-8AEB-B1F850B5FD94}.Release|x86.Deploy.0 = Release|Win32
		{9212D7B3-050E-4DB5-8AEB-B1F850B5FD94}.Unicode Debug|x64.ActiveCfg = Debug|x64
		{9212D7B3-050E-4DB5-8AEB-B1F850B5FD94}.Unicode Debug|x64.Build.0 = Debug|x64
		{9212D7B3-050E-4DB5-8AEB-B1F850B5FD94}.Unicode Debug|x64.Deploy.0 = Debug|x64
		{9212D7B3-050E-4DB5-8AEB-B1F850B5FD94}.Unicode Debug|x86.ActiveCfg = Debug|Win32
		{9212D7B3-050E-4DB5-8AEB-B1F850B5FD94}.Unicode Debug|x86.Build.0 = Debug|Win32
		{9212D7B3-050E-4DB5-8AEB-B1F850B5FD94}.Unicode Debug|x86.Deploy.0 = Debug|Win32
		{2FF92283-D963-403D-B54E-6A0A1B871AFB}.Debug|x64.ActiveCfg = Debug|Win32
		{2FF92283-D963-403D-B54E-6A0A1B871AFB}.Debug|x86.ActiveCfg = Debug|Win32
		{2FF92283-D963-403D-B54E-6A0A1B871AFB}.Debug|x86.Build.0 = Debug|Win32
		{2FF92283-D963-403D-B54E-6A0A1B871AFB}.Release|x64.ActiveCfg = Release|Win32
		{2FF92283-D963-403D-B54E-6A0A1B871AFB}.Release|x86.ActiveCfg = Release|Win32
		{2FF92283-D963-403D-B54E-6A0A1B871AFB}.Release|x86.Build.0 = Release|Win32
		{2FF92283-D963-403D-B54E-6A0A1B871AFB}.Unicode Debug|x64.ActiveCfg = Release|Win32
		{2FF92283-D963-403D-B54E-6A0A1B871AFB}.Unicode Debug|x64.Build.0 = Release|Win32
		{2FF92283-D963-403D-B54E-6A0A1B871AFB}.Unicode Debug|x86.ActiveCfg = Debug|Win32
		{2FF92283-D963-403D-B54E-6A0A1B871AFB}.Unicode Debug|x86.Build.0 = Debug|Win32
	EndGlobalSection
	GlobalSection(SolutionProperties) = preSolution
		HideSolutionNode = FALSE
	EndGlobalSection
	GlobalSection(NestedProjects) = preSolution
		{B791660B-81B3-4527-BA11-AFD094EE9CD6} = {83917F47-DA84-4358-B477-043A9A24F372}
		{B95C11F3-7D2A-41B6-95BC-CDEDB937F5E5} = {83917F47-DA84-4358-B477-043A9A24F372}
		{CF1A0980-2502-4B44-9D80-47520929AABA} = {4696DC07-EBE8-447B-888B-AE8FE7673A83}
		{19253E79-C740-4994-A50F-41DEAB0BC2EF} = {4696DC07-EBE8-447B-888B-AE8FE7673A83}
		{44448F4D-397E-4C37-83CA-7EBB185FDC94} = {1B3B098E-1449-4749-BFBC-402DF9990A6B}
		{D16B5F10-BC5B-49FF-9942-BEA9CA939354} = {1B3B098E-1449-4749-BFBC-402DF9990A6B}
		{D2272C80-DE4E-4F48-B89F-E12BCF23C6C6} = {1B3B098E-1449-4749-BFBC-402DF9990A6B}
		{B1CB9082-A3A1-4F06-AB72-B48D2DEC9C80} = {1B3B098E-1449-4749-BFBC-402DF9990A6B}
		{84888077-13A4-4D39-B032-48DC5903705F} = {1B3B098E-1449-4749-BFBC-402DF9990A6B}
		{04B3AB30-497D-4ED0-9312-D8C1A37F88A8} = {4453C4D5-CC27-4118-BE78-AE60282A2C06}
		{895D3DB9-EF6C-4D89-AEF0-338AB000B415} = {4453C4D5-CC27-4118-BE78-AE60282A2C06}
		{BD9C3F86-1B30-44CD-911D-1B5915940ED2} = {4453C4D5-CC27-4118-BE78-AE60282A2C06}
		{891F38A6-2086-489A-89FA-BBBEA1E66C05} = {4453C4D5-CC27-4118-BE78-AE60282A2C06}
		{99D693FD-BCFB-46D3-8711-0AAF3D9A79A7} = {4453C4D5-CC27-4118-BE78-AE60282A2C06}
		{D08A6918-BA1A-4695-9B82-BAE293C20F56} = {4696DC07-EBE8-447B-888B-AE8FE7673A83}
		{36F8DF60-A9C8-4C88-A7A3-C98287A82E86} = {800F1E86-39F2-4CC2-B53E-44BA482E4207}
		{D6F60E1B-5837-726E-E188-AA5BDE0F59DE} = {800F1E86-39F2-4CC2-B53E-44BA482E4207}
		{B3988F58-42AC-4F6C-BAE6-55FF3F7BA999} = {83917F47-DA84-4358-B477-043A9A24F372}
		{3241463B-C279-4E6B-9735-DB0437911812} = {83917F47-DA84-4358-B477-043A9A24F372}
		{9212D7B3-050E-4DB5-8AEB-B1F850B5FD94} = {83917F47-DA84-4358-B477-043A9A24F372}
		{9124C501-7C46-4ADE-BB22-86BD90365729} = {4696DC07-EBE8-447B-888B-AE8FE7673A83}
		{2FF92283-D963-403D-B54E-6A0A1B871AFB} = {800F1E86-39F2-4CC2-B53E-44BA482E4207}
	EndGlobalSection
	GlobalSection(ExtensibilityGlobals) = postSolution
		SolutionGuid = {4587B2DD-518B-4D6B-9301-BE24B1F2E349}
	EndGlobalSection
EndGlobal
