<?xml version="1.0" encoding="utf-8"?>
<Project ToolsVersion="4.0" xmlns="http://schemas.microsoft.com/developer/msbuild/2003">
  <ItemGroup>
    <Filter Include="Source Files">
      <UniqueIdentifier>{5d102f83-17f3-4222-9303-5684d7262fa1}</UniqueIdentifier>
      <Extensions>cpp;c;cxx;rc;def;r;odl;idl;hpj;bat</Extensions>
    </Filter>
    <Filter Include="Header Files">
      <UniqueIdentifier>{ad3e2d4d-2019-48df-ad16-f1b6f6e482c3}</UniqueIdentifier>
      <Extensions>h;hpp;hxx;hm;inl</Extensions>
    </Filter>
    <Filter Include="Resource Files">
      <UniqueIdentifier>{09756817-af8b-45bc-8f29-9361fcc173a4}</UniqueIdentifier>
      <Extensions>ico;cur;bmp;dlg;rc2;rct;bin;rgs;gif;jpg;jpeg;jpe</Extensions>
    </Filter>
  </ItemGroup>
  <ItemGroup>
    <ClCompile Include="DataClass.cpp">
      <Filter>Source Files</Filter>
    </ClCompile>
    <ClCompile Include="DlgObjStatus.cpp">
      <Filter>Source Files</Filter>
    </ClCompile>
    <ClCompile Include="ObjAlloc.cpp">
      <Filter>Source Files</Filter>
    </ClCompile>
    <ClCompile Include="ObjectAllocation.cpp">
      <Filter>Source Files</Filter>
    </ClCompile>
    <ClCompile Include="StdAfx.cpp">
      <Filter>Source Files</Filter>
    </ClCompile>
    <ClCompile Include="DlgRunInfo.cpp">
      <Filter>Source Files</Filter>
    </ClCompile>
    <ClCompile Include="..\..\IncPublic\IDS.cpp">
      <Filter>Source Files</Filter>
    </ClCompile>
    <ClCompile Include="..\include\ExFn.cpp">
      <Filter>Source Files</Filter>
    </ClCompile>
    <ClCompile Include="..\include\Markup.cpp">
      <Filter>Source Files</Filter>
    </ClCompile>
  </ItemGroup>
  <ItemGroup>
    <ClInclude Include="DataClass.h">
      <Filter>Header Files</Filter>
    </ClInclude>
    <ClInclude Include="..\Inc\DHAlgInterface.h">
      <Filter>Header Files</Filter>
    </ClInclude>
    <ClInclude Include="DlgObjStatus.h">
      <Filter>Header Files</Filter>
    </ClInclude>
    <ClInclude Include="ObjAlloc.h">
      <Filter>Header Files</Filter>
    </ClInclude>
    <ClInclude Include="ObjectAllocation.h">
      <Filter>Header Files</Filter>
    </ClInclude>
    <ClInclude Include="Resource.h">
      <Filter>Header Files</Filter>
    </ClInclude>
    <ClInclude Include="SpendTime.h">
      <Filter>Header Files</Filter>
    </ClInclude>
    <ClInclude Include="StdAfx.h">
      <Filter>Header Files</Filter>
    </ClInclude>
    <ClInclude Include="..\..\IncPublic\MultiObjectDef.h">
      <Filter>Header Files</Filter>
    </ClInclude>
    <ClInclude Include="..\..\IncPublic\ImageDef.h">
      <Filter>Header Files</Filter>
    </ClInclude>
    <ClInclude Include="DlgRunInfo.h">
      <Filter>Header Files</Filter>
    </ClInclude>
    <ClInclude Include="..\..\IncPublic\ExtenInfo.h">
      <Filter>Header Files</Filter>
    </ClInclude>
    <ClInclude Include="..\..\IncPublic\IDS.h">
      <Filter>Header Files</Filter>
    </ClInclude>
    <ClInclude Include="..\..\IncPublic\xcgui.h">
      <Filter>Header Files</Filter>
    </ClInclude>
    <ClInclude Include="..\..\IncPublic\alg_struct.h">
      <Filter>Header Files</Filter>
    </ClInclude>
    <ClInclude Include="..\include\ExFn.h">
      <Filter>Header Files</Filter>
    </ClInclude>
  </ItemGroup>
  <ItemGroup>
    <Image Include="light green 67w.bmp">
      <Filter>Resource Files</Filter>
    </Image>
    <Image Include="light_green 67.bmp">
      <Filter>Resource Files</Filter>
    </Image>
    <Image Include="light_red 67.bmp">
      <Filter>Resource Files</Filter>
    </Image>
    <Image Include="light_red 67w.bmp">
      <Filter>Resource Files</Filter>
    </Image>
    <Image Include="light_yellow 67.bmp">
      <Filter>Resource Files</Filter>
    </Image>
    <Image Include="light_yellow 67w.bmp">
      <Filter>Resource Files</Filter>
    </Image>
  </ItemGroup>
  <ItemGroup>
    <Text Include="ModifyLog.txt" />
    <Text Include="ReadMe.txt" />
  </ItemGroup>
  <ItemGroup>
    <CustomBuild Include="res\ObjectAllocation.rc2">
      <Filter>Resource Files</Filter>
    </CustomBuild>
    <CustomBuild Include="ObjectAllocationD.def">
      <Filter>Source Files</Filter>
    </CustomBuild>
  </ItemGroup>
  <ItemGroup>
    <ResourceCompile Include="ObjectAllocation.rc" />
  </ItemGroup>
  <ItemGroup>
    <None Include="ObjectAllocation.def">
      <Filter>Source Files</Filter>
    </None>
  </ItemGroup>
</Project>