<?xml version="1.0" encoding="utf-8"?>
<Project ToolsVersion="4.0" xmlns="http://schemas.microsoft.com/developer/msbuild/2003">
  <ItemGroup>
    <Filter Include="Source Files">
      <UniqueIdentifier>{4FC737F1-C7A5-4376-A066-2A32D752A2FF}</UniqueIdentifier>
      <Extensions>cpp;c;cc;cxx;def;odl;idl;hpj;bat;asm;asmx</Extensions>
    </Filter>
    <Filter Include="Header Files">
      <UniqueIdentifier>{93995380-89BD-4b04-88EB-625FBE52EBFB}</UniqueIdentifier>
      <Extensions>h;hh;hpp;hxx;hm;inl;inc;xsd</Extensions>
    </Filter>
    <Filter Include="Resource Files">
      <UniqueIdentifier>{67DA6AB6-F800-4c08-8B7A-83BB121AAD01}</UniqueIdentifier>
      <Extensions>rc;ico;cur;bmp;dlg;rc2;rct;bin;rgs;gif;jpg;jpeg;jpe;resx;tiff;tif;png;wav;mfcribbon-ms</Extensions>
    </Filter>
    <Filter Include="inc">
      <UniqueIdentifier>{93f5b177-0a23-4c1a-b72c-b08e3ceddb64}</UniqueIdentifier>
    </Filter>
  </ItemGroup>
  <ItemGroup>
    <Text Include="ReadMe.txt" />
  </ItemGroup>
  <ItemGroup>
    <ClInclude Include="stdafx.h">
      <Filter>Header Files</Filter>
    </ClInclude>
    <ClInclude Include="targetver.h">
      <Filter>Header Files</Filter>
    </ClInclude>
    <ClInclude Include="MainFrm.h">
      <Filter>Header Files</Filter>
    </ClInclude>
    <ClInclude Include="Resource.h">
      <Filter>Header Files</Filter>
    </ClInclude>
    <ClInclude Include="xcgui.h">
      <Filter>Header Files</Filter>
    </ClInclude>
    <ClInclude Include="CheckSystem.h">
      <Filter>Header Files</Filter>
    </ClInclude>
    <ClInclude Include="CheckSystemDoc.h">
      <Filter>Header Files</Filter>
    </ClInclude>
    <ClInclude Include="CheckSystemView.h">
      <Filter>Header Files</Filter>
    </ClInclude>
    <ClInclude Include="XCTitleBar.h">
      <Filter>Header Files</Filter>
    </ClInclude>
    <ClInclude Include="resourceOfXC.h">
      <Filter>Header Files</Filter>
    </ClInclude>
    <ClInclude Include="DlgRunning.h">
      <Filter>Header Files</Filter>
    </ClInclude>
    <ClInclude Include="SettingView.h">
      <Filter>Header Files</Filter>
    </ClInclude>
    <ClInclude Include="XCCtrlBtnBar.h">
      <Filter>Header Files</Filter>
    </ClInclude>
    <ClInclude Include="XCStatusInfoBar.h">
      <Filter>Header Files</Filter>
    </ClInclude>
    <ClInclude Include="..\..\IncPublic\ExFn.h">
      <Filter>Header Files</Filter>
    </ClInclude>
    <ClInclude Include="resourceOfPerson.h">
      <Filter>Header Files</Filter>
    </ClInclude>
    <ClInclude Include="..\inc\SystemMacro.h">
      <Filter>inc</Filter>
    </ClInclude>
    <ClInclude Include="..\..\IncPublic\Grabber.h">
      <Filter>Header Files</Filter>
    </ClInclude>
    <ClInclude Include="DlgSetting.h">
      <Filter>Header Files</Filter>
    </ClInclude>
    <ClInclude Include="..\inc\DHGrabberForMER.h">
      <Filter>inc</Filter>
    </ClInclude>
    <ClInclude Include="..\inc\DHGrabForAVT.h">
      <Filter>inc</Filter>
    </ClInclude>
    <ClInclude Include="..\inc\DHGrabForMER.h">
      <Filter>inc</Filter>
    </ClInclude>
    <ClInclude Include="..\inc\DHGrabForSG.h">
      <Filter>inc</Filter>
    </ClInclude>
    <ClInclude Include="..\inc\DxImageProc.h">
      <Filter>inc</Filter>
    </ClInclude>
    <ClInclude Include="..\inc\GxIAPI.h">
      <Filter>inc</Filter>
    </ClInclude>
    <ClInclude Include="..\inc\ParamDefine.h">
      <Filter>inc</Filter>
    </ClInclude>
    <ClInclude Include="DlgParamSet.h">
      <Filter>Header Files</Filter>
    </ClInclude>
    <ClInclude Include="..\inc\DHIOCardForRS232_XZXNYN.h">
      <Filter>inc</Filter>
    </ClInclude>
    <ClInclude Include="..\..\IncPublic\Markup.h">
      <Filter>inc</Filter>
    </ClInclude>
    <ClInclude Include="DlgBtnCtrlGroup.h">
      <Filter>Header Files</Filter>
    </ClInclude>
    <ClInclude Include="DlgHisErrorInfo.h">
      <Filter>Header Files</Filter>
    </ClInclude>
    <ClInclude Include="..\..\IncPublic\alg_struct.h">
      <Filter>Header Files</Filter>
    </ClInclude>
    <ClInclude Include="ImageHandle.h">
      <Filter>Header Files</Filter>
    </ClInclude>
    <ClInclude Include="..\..\IncPublic\alg_struct_stopper.h">
      <Filter>Header Files</Filter>
    </ClInclude>
    <ClInclude Include="..\..\IncPublic\alg_struct_general.h">
      <Filter>Header Files</Filter>
    </ClInclude>
    <ClInclude Include="..\inc\DHGrabForBaumer.h">
      <Filter>inc</Filter>
    </ClInclude>
    <ClInclude Include="..\..\IncPublic\alg_struct_lampInsp.h">
      <Filter>Header Files</Filter>
    </ClInclude>
    <ClInclude Include="..\..\IncPublic\alg_struct_demo.h">
      <Filter>Header Files</Filter>
    </ClInclude>
    <ClInclude Include="..\inc\StaticFader.h">
      <Filter>Header Files</Filter>
    </ClInclude>
    <ClInclude Include="..\inc\xShadeButton.h">
      <Filter>Header Files</Filter>
    </ClInclude>
    <ClInclude Include="..\inc\AutoFont.h">
      <Filter>Header Files</Filter>
    </ClInclude>
    <ClInclude Include="..\..\IncPublic\alg_struct_Label.h">
      <Filter>Header Files</Filter>
    </ClInclude>
    <ClInclude Include="..\inc\DHIOCardForSG.h">
      <Filter>inc</Filter>
    </ClInclude>
    <ClInclude Include="DlgDefectStatistics.h">
      <Filter>Header Files</Filter>
    </ClInclude>
    <ClInclude Include="BarChart.h">
      <Filter>Header Files</Filter>
    </ClInclude>
    <ClInclude Include="DlgSwitchModel.h">
      <Filter>Header Files</Filter>
    </ClInclude>
    <ClInclude Include="DlgCopyModel.h">
      <Filter>Header Files</Filter>
    </ClInclude>
    <ClInclude Include="..\inc\CreateCustomModel.h">
      <Filter>Header Files</Filter>
    </ClInclude>
    <ClInclude Include="..\inc\PluginSignalControl.h">
      <Filter>Header Files</Filter>
    </ClInclude>
    <ClInclude Include="..\..\IncPublic\ExtenInfo.h">
      <Filter>Header Files</Filter>
    </ClInclude>
    <ClInclude Include="DlgDataStatistics.h">
      <Filter>Header Files</Filter>
    </ClInclude>
  </ItemGroup>
  <ItemGroup>
    <ClCompile Include="stdafx.cpp">
      <Filter>Source Files</Filter>
    </ClCompile>
    <ClCompile Include="MainFrm.cpp">
      <Filter>Source Files</Filter>
    </ClCompile>
    <ClCompile Include="CheckSystem.cpp">
      <Filter>Source Files</Filter>
    </ClCompile>
    <ClCompile Include="CheckSystemDoc.cpp">
      <Filter>Source Files</Filter>
    </ClCompile>
    <ClCompile Include="CheckSystemView.cpp">
      <Filter>Source Files</Filter>
    </ClCompile>
    <ClCompile Include="XCTitleBar.cpp">
      <Filter>Source Files</Filter>
    </ClCompile>
    <ClCompile Include="DlgRunning.cpp">
      <Filter>Source Files</Filter>
    </ClCompile>
    <ClCompile Include="SettingView.cpp">
      <Filter>Source Files</Filter>
    </ClCompile>
    <ClCompile Include="XCCtrlBtnBar.cpp">
      <Filter>Source Files</Filter>
    </ClCompile>
    <ClCompile Include="XCStatusInfoBar.cpp">
      <Filter>Source Files</Filter>
    </ClCompile>
    <ClCompile Include="..\..\IncPublic\ExFn.cpp">
      <Filter>Source Files</Filter>
    </ClCompile>
    <ClCompile Include="DlgSetting.cpp">
      <Filter>Source Files</Filter>
    </ClCompile>
    <ClCompile Include="DlgParamSet.cpp">
      <Filter>Source Files</Filter>
    </ClCompile>
    <ClCompile Include="..\inc\BtnST.cpp">
      <Filter>Source Files</Filter>
    </ClCompile>
    <ClCompile Include="..\inc\xShadeButton.cpp">
      <Filter>Source Files</Filter>
    </ClCompile>
    <ClCompile Include="DlgBtnCtrlGroup.cpp">
      <Filter>Source Files</Filter>
    </ClCompile>
    <ClCompile Include="DlgHisErrorInfo.cpp">
      <Filter>Source Files</Filter>
    </ClCompile>
    <ClCompile Include="..\..\IncPublic\Markup.cpp">
      <Filter>Source Files</Filter>
    </ClCompile>
    <ClCompile Include="ImageHandle.cpp">
      <Filter>Source Files</Filter>
    </ClCompile>
    <ClCompile Include="..\inc\StaticFader.cpp">
      <Filter>Source Files</Filter>
    </ClCompile>
    <ClCompile Include="..\inc\AutoFont.cpp">
      <Filter>Source Files</Filter>
    </ClCompile>
    <ClCompile Include="DlgDefectStatistics.cpp">
      <Filter>Source Files</Filter>
    </ClCompile>
    <ClCompile Include="BarChart.cpp">
      <Filter>Source Files</Filter>
    </ClCompile>
    <ClCompile Include="DlgSwitchModel.cpp">
      <Filter>Source Files</Filter>
    </ClCompile>
    <ClCompile Include="DlgCopyModel.cpp">
      <Filter>Source Files</Filter>
    </ClCompile>
    <ClCompile Include="..\..\IncPublic\ExtenInfo.cpp">
      <Filter>Source Files</Filter>
    </ClCompile>
    <ClCompile Include="DlgDataStatistics.cpp">
      <Filter>Source Files</Filter>
    </ClCompile>
  </ItemGroup>
  <ItemGroup>
    <ResourceCompile Include="CheckSystem.rc">
      <Filter>Resource Files</Filter>
    </ResourceCompile>
  </ItemGroup>
  <ItemGroup>
    <None Include="res\CheckSystem.rc2">
      <Filter>Resource Files</Filter>
    </None>
  </ItemGroup>
  <ItemGroup>
    <Image Include="res\CheckSystem.ico">
      <Filter>Resource Files</Filter>
    </Image>
    <Image Include="res\CheckSystemDoc.ico">
      <Filter>Resource Files</Filter>
    </Image>
    <Image Include="res\Company.bmp">
      <Filter>Resource Files</Filter>
    </Image>
  </ItemGroup>
</Project>