<?xml version="1.0" encoding="utf-8"?>
<Project ToolsVersion="4.0" xmlns="http://schemas.microsoft.com/developer/msbuild/2003">
  <ItemGroup>
    <Filter Include="Source Files">
      <UniqueIdentifier>{6d001a20-82d1-4e3c-bf82-3e34385e94db}</UniqueIdentifier>
      <Extensions>cpp;c;cxx;rc;def;r;odl;idl;hpj;bat</Extensions>
    </Filter>
    <Filter Include="Header Files">
      <UniqueIdentifier>{37c87952-cb6e-44d8-9563-374daa0222a1}</UniqueIdentifier>
      <Extensions>h;hpp;hxx;hm;inl</Extensions>
    </Filter>
    <Filter Include="Resource Files">
      <UniqueIdentifier>{b46a653b-00d6-474c-a0fd-c4b2d4ff5b15}</UniqueIdentifier>
      <Extensions>ico;cur;bmp;dlg;rc2;rct;bin;rgs;gif;jpg;jpeg;jpe</Extensions>
    </Filter>
  </ItemGroup>
  <ItemGroup>
    <ClCompile Include="AutoFont.cpp">
      <Filter>Source Files</Filter>
    </ClCompile>
    <ClCompile Include="BottleCap.cpp">
      <Filter>Source Files</Filter>
    </ClCompile>
    <ClCompile Include="BottleCapDoc.cpp">
      <Filter>Source Files</Filter>
    </ClCompile>
    <ClCompile Include="BottleCapView.cpp">
      <Filter>Source Files</Filter>
    </ClCompile>
    <ClCompile Include="BtnST.cpp">
      <Filter>Source Files</Filter>
    </ClCompile>
    <ClCompile Include="DlgAddUser.cpp">
      <Filter>Source Files</Filter>
    </ClCompile>
    <ClCompile Include="DlgAlarm.cpp">
      <Filter>Source Files</Filter>
    </ClCompile>
    <ClCompile Include="DlgAlarmPos.cpp">
      <Filter>Source Files</Filter>
    </ClCompile>
    <ClCompile Include="DlgAlarmStopCount.cpp">
      <Filter>Source Files</Filter>
    </ClCompile>
    <ClCompile Include="DlgCamTest.cpp">
      <Filter>Source Files</Filter>
    </ClCompile>
    <ClCompile Include="DlgDefect.cpp">
      <Filter>Source Files</Filter>
    </ClCompile>
    <ClCompile Include="DlgDefectPage1.cpp">
      <Filter>Source Files</Filter>
    </ClCompile>
    <ClCompile Include="DlgDefectPage2.cpp">
      <Filter>Source Files</Filter>
    </ClCompile>
    <ClCompile Include="DlgLogin.cpp">
      <Filter>Source Files</Filter>
    </ClCompile>
    <ClCompile Include="DlgModifyCipher.cpp">
      <Filter>Source Files</Filter>
    </ClCompile>
    <ClCompile Include="DlgNewModel.cpp">
      <Filter>Source Files</Filter>
    </ClCompile>
    <ClCompile Include="DlgPage1.cpp">
      <Filter>Source Files</Filter>
    </ClCompile>
    <ClCompile Include="DlgPage2.cpp">
      <Filter>Source Files</Filter>
    </ClCompile>
    <ClCompile Include="DlgSaveImage.cpp">
      <Filter>Source Files</Filter>
    </ClCompile>
    <ClCompile Include="DlgSelectProduct.cpp">
      <Filter>Source Files</Filter>
    </ClCompile>
    <ClCompile Include="DlgSetCipher.cpp">
      <Filter>Source Files</Filter>
    </ClCompile>
    <ClCompile Include="DlgShowImage.cpp">
      <Filter>Source Files</Filter>
    </ClCompile>
    <ClCompile Include="DlgStatistic.cpp">
      <Filter>Source Files</Filter>
    </ClCompile>
    <ClCompile Include="DlgSystemConfig.cpp">
      <Filter>Source Files</Filter>
    </ClCompile>
    <ClCompile Include="DlgTestCipher.cpp">
      <Filter>Source Files</Filter>
    </ClCompile>
    <ClCompile Include="DlgUserAdm.cpp">
      <Filter>Source Files</Filter>
    </ClCompile>
    <ClCompile Include="FileOperate.cpp">
      <Filter>Source Files</Filter>
    </ClCompile>
    <ClCompile Include="Image.cpp">
      <Filter>Source Files</Filter>
    </ClCompile>
    <ClCompile Include="LogManager.cpp">
      <Filter>Source Files</Filter>
    </ClCompile>
    <ClCompile Include="MainFrm.cpp">
      <Filter>Source Files</Filter>
    </ClCompile>
    <ClCompile Include="StaticFader.cpp">
      <Filter>Source Files</Filter>
    </ClCompile>
    <ClCompile Include="StdAfx.cpp">
      <Filter>Source Files</Filter>
    </ClCompile>
    <ClCompile Include="xShadeButton.cpp">
      <Filter>Source Files</Filter>
    </ClCompile>
    <ClCompile Include="..\..\IncPublic\ExFn.cpp">
      <Filter>Source Files</Filter>
    </ClCompile>
    <ClCompile Include="..\..\IncPublic\Markup.cpp">
      <Filter>Source Files</Filter>
    </ClCompile>
  </ItemGroup>
  <ItemGroup>
    <ResourceCompile Include="BottleCap.rc">
      <Filter>Source Files</Filter>
    </ResourceCompile>
  </ItemGroup>
  <ItemGroup>
    <ClInclude Include="AutoFont.h">
      <Filter>Header Files</Filter>
    </ClInclude>
    <ClInclude Include="BottleCap.h">
      <Filter>Header Files</Filter>
    </ClInclude>
    <ClInclude Include="BottleCapDoc.h">
      <Filter>Header Files</Filter>
    </ClInclude>
    <ClInclude Include="BottleCapView.h">
      <Filter>Header Files</Filter>
    </ClInclude>
    <ClInclude Include="BtnST.h">
      <Filter>Header Files</Filter>
    </ClInclude>
    <ClInclude Include="..\Inc\DHAlgInterface.h">
      <Filter>Header Files</Filter>
    </ClInclude>
    <ClInclude Include="DlgAddUser.h">
      <Filter>Header Files</Filter>
    </ClInclude>
    <ClInclude Include="DlgAlarm.h">
      <Filter>Header Files</Filter>
    </ClInclude>
    <ClInclude Include="DlgAlarmPos.h">
      <Filter>Header Files</Filter>
    </ClInclude>
    <ClInclude Include="DlgAlarmStopCount.h">
      <Filter>Header Files</Filter>
    </ClInclude>
    <ClInclude Include="DlgCamTest.h">
      <Filter>Header Files</Filter>
    </ClInclude>
    <ClInclude Include="DlgDefect.h">
      <Filter>Header Files</Filter>
    </ClInclude>
    <ClInclude Include="DlgDefectPage1.h">
      <Filter>Header Files</Filter>
    </ClInclude>
    <ClInclude Include="DlgDefectPage2.h">
      <Filter>Header Files</Filter>
    </ClInclude>
    <ClInclude Include="DlgLogin.h">
      <Filter>Header Files</Filter>
    </ClInclude>
    <ClInclude Include="DlgModifyCipher.h">
      <Filter>Header Files</Filter>
    </ClInclude>
    <ClInclude Include="DlgNewModel.h">
      <Filter>Header Files</Filter>
    </ClInclude>
    <ClInclude Include="DlgPage1.h">
      <Filter>Header Files</Filter>
    </ClInclude>
    <ClInclude Include="DlgPage2.h">
      <Filter>Header Files</Filter>
    </ClInclude>
    <ClInclude Include="DlgSaveImage.h">
      <Filter>Header Files</Filter>
    </ClInclude>
    <ClInclude Include="DlgSelectProduct.h">
      <Filter>Header Files</Filter>
    </ClInclude>
    <ClInclude Include="DlgSetCipher.h">
      <Filter>Header Files</Filter>
    </ClInclude>
    <ClInclude Include="DlgShowImage.h">
      <Filter>Header Files</Filter>
    </ClInclude>
    <ClInclude Include="DlgStatistic.h">
      <Filter>Header Files</Filter>
    </ClInclude>
    <ClInclude Include="DlgSystemConfig.h">
      <Filter>Header Files</Filter>
    </ClInclude>
    <ClInclude Include="DlgTestCipher.h">
      <Filter>Header Files</Filter>
    </ClInclude>
    <ClInclude Include="DlgUserAdm.h">
      <Filter>Header Files</Filter>
    </ClInclude>
    <ClInclude Include="FileOperate.h">
      <Filter>Header Files</Filter>
    </ClInclude>
    <ClInclude Include="Image.h">
      <Filter>Header Files</Filter>
    </ClInclude>
    <ClInclude Include="Kick_Good3.h">
      <Filter>Header Files</Filter>
    </ClInclude>
    <ClInclude Include="LogManager.h">
      <Filter>Header Files</Filter>
    </ClInclude>
    <ClInclude Include="MainFrm.h">
      <Filter>Header Files</Filter>
    </ClInclude>
    <ClInclude Include="MemDC.h">
      <Filter>Header Files</Filter>
    </ClInclude>
    <ClInclude Include="..\Inc\ObjAlloc.h">
      <Filter>Header Files</Filter>
    </ClInclude>
    <ClInclude Include="Resource.h">
      <Filter>Header Files</Filter>
    </ClInclude>
    <ClInclude Include="SpendTime.h">
      <Filter>Header Files</Filter>
    </ClInclude>
    <ClInclude Include="StaticFader.h">
      <Filter>Header Files</Filter>
    </ClInclude>
    <ClInclude Include="StdAfx.h">
      <Filter>Header Files</Filter>
    </ClInclude>
    <ClInclude Include="xShadeButton.h">
      <Filter>Header Files</Filter>
    </ClInclude>
    <ClInclude Include="..\incPublic\MultiObjectDef.h">
      <Filter>Header Files</Filter>
    </ClInclude>
    <ClInclude Include="..\..\IncPublic\ExtenInfo.h">
      <Filter>Header Files</Filter>
    </ClInclude>
    <ClInclude Include="..\..\IncPublic\IoCard.h">
      <Filter>Header Files</Filter>
    </ClInclude>
  </ItemGroup>
  <ItemGroup>
    <Image Include="res\Alarm.ico">
      <Filter>Resource Files</Filter>
    </Image>
    <Image Include="res\Bottle.ico">
      <Filter>Resource Files</Filter>
    </Image>
    <Image Include="res\BottleCap.ico">
      <Filter>Resource Files</Filter>
    </Image>
    <Image Include="res\BottleCapDoc.ico">
      <Filter>Resource Files</Filter>
    </Image>
    <Image Include="res\Company.bmp">
      <Filter>Resource Files</Filter>
    </Image>
    <Image Include="res\Company.ico">
      <Filter>Resource Files</Filter>
    </Image>
    <Image Include="res\MP.ico">
      <Filter>Resource Files</Filter>
    </Image>
    <Image Include="res\MP1.ico">
      <Filter>Resource Files</Filter>
    </Image>
    <Image Include="res\New_Clear.ico">
      <Filter>Resource Files</Filter>
    </Image>
    <Image Include="res\New_Defect_Statistics.ico">
      <Filter>Resource Files</Filter>
    </Image>
    <Image Include="res\New_Info.ico">
      <Filter>Resource Files</Filter>
    </Image>
    <Image Include="res\New_Model.ico">
      <Filter>Resource Files</Filter>
    </Image>
    <Image Include="res\New_Param.ico">
      <Filter>Resource Files</Filter>
    </Image>
    <Image Include="res\New_Quit.ico">
      <Filter>Resource Files</Filter>
    </Image>
    <Image Include="res\New_Record.ico">
      <Filter>Resource Files</Filter>
    </Image>
    <Image Include="res\New_Setting.ico">
      <Filter>Resource Files</Filter>
    </Image>
    <Image Include="res\New_Start.ico">
      <Filter>Resource Files</Filter>
    </Image>
    <Image Include="res\New_Statistic.ico">
      <Filter>Resource Files</Filter>
    </Image>
    <Image Include="res\New_Stop.ico">
      <Filter>Resource Files</Filter>
    </Image>
    <Image Include="res\Toolbar.bmp">
      <Filter>Resource Files</Filter>
    </Image>
  </ItemGroup>
  <ItemGroup>
    <Text Include="ModifyLog.txt" />
    <Text Include="ReadMe.txt" />
  </ItemGroup>
  <ItemGroup>
    <CustomBuild Include="res\BottleCap.rc2">
      <Filter>Resource Files</Filter>
    </CustomBuild>
  </ItemGroup>
</Project>