<?xml version="1.0" encoding="utf-8"?>
<Project ToolsVersion="4.0" xmlns="http://schemas.microsoft.com/developer/msbuild/2003">
  <ItemGroup>
    <Filter Include="Source Files">
      <UniqueIdentifier>{c6361c17-f564-457c-a8c5-fe4d0bf60755}</UniqueIdentifier>
      <Extensions>cpp;c;cxx;rc;def;r;odl;idl;hpj;bat</Extensions>
    </Filter>
    <Filter Include="Header Files">
      <UniqueIdentifier>{4f499544-c724-4a70-b0fc-3e8b59b9aa0e}</UniqueIdentifier>
      <Extensions>h;hpp;hxx;hm;inl</Extensions>
    </Filter>
    <Filter Include="Resource Files">
      <UniqueIdentifier>{d77da648-5bdb-4338-b3b6-387e05743f2b}</UniqueIdentifier>
      <Extensions>ico;cur;bmp;dlg;rc2;rct;bin;rgs;gif;jpg;jpeg;jpe</Extensions>
    </Filter>
  </ItemGroup>
  <ItemGroup>
    <ClCompile Include="DaHengListBox.cpp">
      <Filter>Source Files</Filter>
    </ClCompile>
    <ClCompile Include="DHListBox.cpp">
      <Filter>Source Files</Filter>
    </ClCompile>
    <ClCompile Include="StdAfx.cpp">
      <Filter>Source Files</Filter>
    </ClCompile>
    <ClCompile Include="UIDlgModelRename.cpp">
      <Filter>Source Files</Filter>
    </ClCompile>
  </ItemGroup>
  <ItemGroup>
    <ResourceCompile Include="DaHengListBox.rc">
      <Filter>Source Files</Filter>
    </ResourceCompile>
  </ItemGroup>
  <ItemGroup>
    <ClInclude Include="DaHengListBox.h">
      <Filter>Header Files</Filter>
    </ClInclude>
    <ClInclude Include="DHListBox.h">
      <Filter>Header Files</Filter>
    </ClInclude>
    <ClInclude Include="Resource.h">
      <Filter>Header Files</Filter>
    </ClInclude>
    <ClInclude Include="StdAfx.h">
      <Filter>Header Files</Filter>
    </ClInclude>
    <ClInclude Include="UIDlgModelRename.h">
      <Filter>Header Files</Filter>
    </ClInclude>
  </ItemGroup>
  <ItemGroup>
    <CustomBuild Include="bmp.ico">
      <Filter>Resource Files</Filter>
    </CustomBuild>
    <CustomBuild Include="res\DaHengListBox.rc2">
      <Filter>Resource Files</Filter>
    </CustomBuild>
    <CustomBuild Include="hot.ico">
      <Filter>Resource Files</Filter>
    </CustomBuild>
    <CustomBuild Include="ico00001.ico">
      <Filter>Resource Files</Filter>
    </CustomBuild>
    <CustomBuild Include="ico00002.ico">
      <Filter>Resource Files</Filter>
    </CustomBuild>
    <CustomBuild Include="ico00003.ico">
      <Filter>Resource Files</Filter>
    </CustomBuild>
    <CustomBuild Include="icon1.ico">
      <Filter>Resource Files</Filter>
    </CustomBuild>
    <CustomBuild Include="shell32.dll_11_-1.ico">
      <Filter>Resource Files</Filter>
    </CustomBuild>
    <CustomBuild Include="shell32.dll_6_-1.ico">
      <Filter>Resource Files</Filter>
    </CustomBuild>
    <CustomBuild Include="shell32.dll_8_-1.ico">
      <Filter>Resource Files</Filter>
    </CustomBuild>
    <CustomBuild Include="ReadMe.txt" />
    <CustomBuild Include="DaHengListBoxD.def">
      <Filter>Source Files</Filter>
    </CustomBuild>
  </ItemGroup>
  <ItemGroup>
    <Image Include="bmp.bmp">
      <Filter>Resource Files</Filter>
    </Image>
    <Image Include="shell32.dll_3_-1.bmp">
      <Filter>Resource Files</Filter>
    </Image>
    <Image Include="shell32.dll_6_-1.bmp">
      <Filter>Resource Files</Filter>
    </Image>
    <Image Include="shell32.dll_8_-1.bmp">
      <Filter>Resource Files</Filter>
    </Image>
    <Image Include="shell32.dll_11_-1.bmp">
      <Filter>Resource Files</Filter>
    </Image>
    <Image Include="shell32.dll_36_-1.bmp">
      <Filter>Resource Files</Filter>
    </Image>
  </ItemGroup>
  <ItemGroup>
    <None Include="DaHengListBox.def">
      <Filter>Source Files</Filter>
    </None>
  </ItemGroup>
</Project>