<?xml version="1.0" encoding="utf-8"?>
<Project ToolsVersion="4.0" xmlns="http://schemas.microsoft.com/developer/msbuild/2003">
  <ItemGroup>
    <ClCompile Include="CameraBase.cpp">
      <Filter>Source Files</Filter>
    </ClCompile>
    <ClCompile Include="DHGrabberForMER.cpp">
      <Filter>Source Files</Filter>
    </ClCompile>
    <ClCompile Include="GrabberRegular.cpp">
      <Filter>Source Files</Filter>
    </ClCompile>
    <ClCompile Include="SetParamDialog.cpp">
      <Filter>Source Files</Filter>
    </ClCompile>
    <ClCompile Include="StdAfx.cpp">
      <Filter>Source Files</Filter>
    </ClCompile>
  </ItemGroup>
  <ItemGroup>
    <ClInclude Include="CameraBase.h">
      <Filter>Header Files</Filter>
    </ClInclude>
    <ClInclude Include="DHGrabberForMER.h">
      <Filter>Header Files</Filter>
    </ClInclude>
    <ClInclude Include="GrabberRegular.h">
      <Filter>Header Files</Filter>
    </ClInclude>
    <ClInclude Include="Resource.h">
      <Filter>Header Files</Filter>
    </ClInclude>
    <ClInclude Include="SetParamDialog.h">
      <Filter>Header Files</Filter>
    </ClInclude>
    <ClInclude Include="StdAfx.h">
      <Filter>Header Files</Filter>
    </ClInclude>
  </ItemGroup>
  <ItemGroup>
    <CustomBuild Include="ReadMe.txt" />
    <CustomBuild Include="res\GrabberRegular.rc2">
      <Filter>Resource Files</Filter>
    </CustomBuild>
    <CustomBuild Include="GrabberRegular.def">
      <Filter>Source Files</Filter>
    </CustomBuild>
  </ItemGroup>
  <ItemGroup>
    <Filter Include="Header Files">
      <UniqueIdentifier>{092ce179-f634-4b67-b427-ddb54742c05d}</UniqueIdentifier>
    </Filter>
    <Filter Include="Source Files">
      <UniqueIdentifier>{ff280c58-aba6-4978-b0d1-d83c66721c19}</UniqueIdentifier>
    </Filter>
    <Filter Include="Resource Files">
      <UniqueIdentifier>{28e43c52-0a9e-494c-9b7f-5f563357f7dd}</UniqueIdentifier>
    </Filter>
  </ItemGroup>
  <ItemGroup>
    <ResourceCompile Include="GrabberRegular.rc">
      <Filter>Resource Files</Filter>
    </ResourceCompile>
  </ItemGroup>
  <ItemGroup>
    <None Include="GrabberRegularD.def" />
  </ItemGroup>
</Project>