<?xml version="1.0" encoding="utf-8"?>
<Project ToolsVersion="4.0" xmlns="http://schemas.microsoft.com/developer/msbuild/2003">
  <ItemGroup>
    <Filter Include="Source Files">
      <UniqueIdentifier>{42f95943-bd28-425e-a467-9b90ab6077fa}</UniqueIdentifier>
      <Extensions>cpp;c;cxx;rc;def;r;odl;idl;hpj;bat</Extensions>
    </Filter>
    <Filter Include="Header Files">
      <UniqueIdentifier>{c45ba8f4-ac3f-4b55-a392-64b2e87f18e0}</UniqueIdentifier>
      <Extensions>h;hpp;hxx;hm;inl</Extensions>
    </Filter>
    <Filter Include="Resource Files">
      <UniqueIdentifier>{901d2018-c799-4422-9eae-7c0e4bb840fa}</UniqueIdentifier>
      <Extensions>ico;cur;bmp;dlg;rc2;rct;bin;rgs;gif;jpg;jpeg;jpe</Extensions>
    </Filter>
  </ItemGroup>
  <ItemGroup>
    <ClCompile Include="AutoFont.cpp">
      <Filter>Source Files</Filter>
    </ClCompile>
    <ClCompile Include="BtnST.cpp">
      <Filter>Source Files</Filter>
    </ClCompile>
    <ClCompile Include="DlgAlarm.cpp">
      <Filter>Source Files</Filter>
    </ClCompile>
    <ClCompile Include="DlgAlarmPos.cpp">
      <Filter>Source Files</Filter>
    </ClCompile>
    <ClCompile Include="DlgAlarmStopCount.cpp">
      <Filter>Source Files</Filter>
    </ClCompile>
    <ClCompile Include="DlgCamTest.cpp">
      <Filter>Source Files</Filter>
    </ClCompile>
    <ClCompile Include="DlgDefect.cpp">
      <Filter>Source Files</Filter>
    </ClCompile>
    <ClCompile Include="DlgDefectPage1.cpp">
      <Filter>Source Files</Filter>
    </ClCompile>
    <ClCompile Include="DlgDefectPage2.cpp">
      <Filter>Source Files</Filter>
    </ClCompile>
    <ClCompile Include="DlgIOCard.cpp">
      <Filter>Source Files</Filter>
    </ClCompile>
    <ClCompile Include="DlgNewModel.cpp">
      <Filter>Source Files</Filter>
    </ClCompile>
    <ClCompile Include="DlgPage1.cpp">
      <Filter>Source Files</Filter>
    </ClCompile>
    <ClCompile Include="DlgPage2.cpp">
      <Filter>Source Files</Filter>
    </ClCompile>
    <ClCompile Include="DlgSaveImage.cpp">
      <Filter>Source Files</Filter>
    </ClCompile>
    <ClCompile Include="DlgSelectProduct.cpp">
      <Filter>Source Files</Filter>
    </ClCompile>
    <ClCompile Include="DlgShowImage.cpp">
      <Filter>Source Files</Filter>
    </ClCompile>
    <ClCompile Include="DlgStatistic.cpp">
      <Filter>Source Files</Filter>
    </ClCompile>
    <ClCompile Include="DlgSystemConfig.cpp">
      <Filter>Source Files</Filter>
    </ClCompile>
    <ClCompile Include="DlgTestCipher.cpp">
      <Filter>Source Files</Filter>
    </ClCompile>
    <ClCompile Include="FileOperate.cpp">
      <Filter>Source Files</Filter>
    </ClCompile>
    <ClCompile Include="LogManager.cpp">
      <Filter>Source Files</Filter>
    </ClCompile>
    <ClCompile Include="MainFrm.cpp">
      <Filter>Source Files</Filter>
    </ClCompile>
    <ClCompile Include="StaticFader.cpp">
      <Filter>Source Files</Filter>
    </ClCompile>
    <ClCompile Include="StdAfx.cpp">
      <Filter>Source Files</Filter>
    </ClCompile>
    <ClCompile Include="TubeCheck.cpp">
      <Filter>Source Files</Filter>
    </ClCompile>
    <ClCompile Include="TubeCheckDoc.cpp">
      <Filter>Source Files</Filter>
    </ClCompile>
    <ClCompile Include="TubeCheckView.cpp">
      <Filter>Source Files</Filter>
    </ClCompile>
    <ClCompile Include="xShadeButton.cpp">
      <Filter>Source Files</Filter>
    </ClCompile>
    <ClCompile Include="Image.cpp">
      <Filter>Source Files</Filter>
    </ClCompile>
    <ClCompile Include="XDlgSysCfg.cpp">
      <Filter>Source Files</Filter>
    </ClCompile>
    <ClCompile Include="..\..\IncPublic\ExFn.cpp">
      <Filter>Source Files</Filter>
    </ClCompile>
    <ClCompile Include="..\..\IncPublic\IDS.cpp">
      <Filter>Source Files</Filter>
    </ClCompile>
    <ClCompile Include="..\..\IncPublic\Markup.cpp">
      <Filter>Source Files</Filter>
    </ClCompile>
    <ClCompile Include="..\..\IncPublic\ExtenInfo.cpp">
      <Filter>Source Files</Filter>
    </ClCompile>
  </ItemGroup>
  <ItemGroup>
    <ResourceCompile Include="TubeCheck.rc">
      <Filter>Source Files</Filter>
    </ResourceCompile>
  </ItemGroup>
  <ItemGroup>
    <ClInclude Include="AutoFont.h">
      <Filter>Header Files</Filter>
    </ClInclude>
    <ClInclude Include="BtnST.h">
      <Filter>Header Files</Filter>
    </ClInclude>
    <ClInclude Include="DlgAlarm.h">
      <Filter>Header Files</Filter>
    </ClInclude>
    <ClInclude Include="DlgAlarmPos.h">
      <Filter>Header Files</Filter>
    </ClInclude>
    <ClInclude Include="DlgAlarmStopCount.h">
      <Filter>Header Files</Filter>
    </ClInclude>
    <ClInclude Include="DlgCamTest.h">
      <Filter>Header Files</Filter>
    </ClInclude>
    <ClInclude Include="DlgDefect.h">
      <Filter>Header Files</Filter>
    </ClInclude>
    <ClInclude Include="DlgDefectPage1.h">
      <Filter>Header Files</Filter>
    </ClInclude>
    <ClInclude Include="DlgDefectPage2.h">
      <Filter>Header Files</Filter>
    </ClInclude>
    <ClInclude Include="DlgIOCard.h">
      <Filter>Header Files</Filter>
    </ClInclude>
    <ClInclude Include="DlgNewModel.h">
      <Filter>Header Files</Filter>
    </ClInclude>
    <ClInclude Include="DlgPage1.h">
      <Filter>Header Files</Filter>
    </ClInclude>
    <ClInclude Include="DlgPage2.h">
      <Filter>Header Files</Filter>
    </ClInclude>
    <ClInclude Include="DlgSaveImage.h">
      <Filter>Header Files</Filter>
    </ClInclude>
    <ClInclude Include="DlgSelectProduct.h">
      <Filter>Header Files</Filter>
    </ClInclude>
    <ClInclude Include="DlgShowImage.h">
      <Filter>Header Files</Filter>
    </ClInclude>
    <ClInclude Include="DlgStatistic.h">
      <Filter>Header Files</Filter>
    </ClInclude>
    <ClInclude Include="DlgSystemConfig.h">
      <Filter>Header Files</Filter>
    </ClInclude>
    <ClInclude Include="DlgTestCipher.h">
      <Filter>Header Files</Filter>
    </ClInclude>
    <ClInclude Include="FileOperate.h">
      <Filter>Header Files</Filter>
    </ClInclude>
    <ClInclude Include="LogManager.h">
      <Filter>Header Files</Filter>
    </ClInclude>
    <ClInclude Include="MainFrm.h">
      <Filter>Header Files</Filter>
    </ClInclude>
    <ClInclude Include="MemDC.h">
      <Filter>Header Files</Filter>
    </ClInclude>
    <ClInclude Include="Resource.h">
      <Filter>Header Files</Filter>
    </ClInclude>
    <ClInclude Include="SpendTime.h">
      <Filter>Header Files</Filter>
    </ClInclude>
    <ClInclude Include="StaticFader.h">
      <Filter>Header Files</Filter>
    </ClInclude>
    <ClInclude Include="StdAfx.h">
      <Filter>Header Files</Filter>
    </ClInclude>
    <ClInclude Include="TubeCheck.h">
      <Filter>Header Files</Filter>
    </ClInclude>
    <ClInclude Include="TubeCheckDoc.h">
      <Filter>Header Files</Filter>
    </ClInclude>
    <ClInclude Include="TubeCheckView.h">
      <Filter>Header Files</Filter>
    </ClInclude>
    <ClInclude Include="xShadeButton.h">
      <Filter>Header Files</Filter>
    </ClInclude>
    <ClInclude Include="Image.h">
      <Filter>Header Files</Filter>
    </ClInclude>
    <ClInclude Include="XDlgSysCfg.h">
      <Filter>Header Files</Filter>
    </ClInclude>
    <ClInclude Include="..\..\IncPublic\ExFn.h">
      <Filter>Header Files</Filter>
    </ClInclude>
    <ClInclude Include="..\..\IncPublic\IDS.h">
      <Filter>Header Files</Filter>
    </ClInclude>
    <ClInclude Include="PersonResource.h">
      <Filter>Header Files</Filter>
    </ClInclude>
  </ItemGroup>
  <ItemGroup>
    <Image Include="res\Alarm.ico">
      <Filter>Resource Files</Filter>
    </Image>
    <Image Include="res\Bottle.ico">
      <Filter>Resource Files</Filter>
    </Image>
    <Image Include="res\Company.bmp">
      <Filter>Resource Files</Filter>
    </Image>
    <Image Include="res\Company.ico">
      <Filter>Resource Files</Filter>
    </Image>
    <Image Include="res\MP.ico">
      <Filter>Resource Files</Filter>
    </Image>
    <Image Include="res\MP1.ico">
      <Filter>Resource Files</Filter>
    </Image>
    <Image Include="res\New_Clear.ico">
      <Filter>Resource Files</Filter>
    </Image>
    <Image Include="res\New_Defect_Statistics.ico">
      <Filter>Resource Files</Filter>
    </Image>
    <Image Include="res\New_Info.ico">
      <Filter>Resource Files</Filter>
    </Image>
    <Image Include="res\New_Model.ico">
      <Filter>Resource Files</Filter>
    </Image>
    <Image Include="res\New_Param.ico">
      <Filter>Resource Files</Filter>
    </Image>
    <Image Include="res\New_Quit.ico">
      <Filter>Resource Files</Filter>
    </Image>
    <Image Include="res\New_Record.ico">
      <Filter>Resource Files</Filter>
    </Image>
    <Image Include="res\New_Setting.ico">
      <Filter>Resource Files</Filter>
    </Image>
    <Image Include="res\New_Start.ico">
      <Filter>Resource Files</Filter>
    </Image>
    <Image Include="res\New_Statistic.ico">
      <Filter>Resource Files</Filter>
    </Image>
    <Image Include="res\New_Stop.ico">
      <Filter>Resource Files</Filter>
    </Image>
    <Image Include="res\Toolbar.bmp">
      <Filter>Resource Files</Filter>
    </Image>
    <Image Include="res\TubeCheck.ico">
      <Filter>Resource Files</Filter>
    </Image>
    <Image Include="res\TubeCheckDoc.ico">
      <Filter>Resource Files</Filter>
    </Image>
  </ItemGroup>
  <ItemGroup>
    <Text Include="ModifyLog.txt" />
    <Text Include="ReadMe.txt" />
  </ItemGroup>
  <ItemGroup>
    <CustomBuild Include="res\TubeCheck.rc2">
      <Filter>Resource Files</Filter>
    </CustomBuild>
  </ItemGroup>
</Project>